
Microsoft Visual Studio Solution File, Format Version 12.00
# Visual Studio Version 17
VisualStudioVersion = 17.5.002.0
MinimumVisualStudioVersion = 10.0.40219.1
Project("{9A19103F-16F7-4668-BE54-9A1E7A4F7556}") = "code", "code\code.csproj", "{A36D3875-E58B-44A7-B33A-04E974F46F23}"
EndProject
Global
	GlobalSection(SolutionConfigurationPlatforms) = preSolution
		Debug|Any CPU = Debug|Any CPU
		Release|Any CPU = Release|Any CPU
	EndGlobalSection
	GlobalSection(ProjectConfigurationPlatforms) = postSolution
		{A36D3875-E58B-44A7-B33A-04E974F46F23}.Debug|Any CPU.ActiveCfg = Debug|Any CPU
		{A36D3875-E58B-44A7-B33A-04E974F46F23}.Debug|Any CPU.Build.0 = Debug|Any CPU
		{A36D3875-E58B-44A7-B33A-04E974F46F23}.Release|Any CPU.ActiveCfg = Release|Any CPU
		{A36D3875-E58B-44A7-B33A-04E974F46F23}.Release|Any CPU.Build.0 = Release|Any CPU
	EndGlobalSection
	GlobalSection(SolutionProperties) = preSolution
		HideSolutionNode = FALSE
	EndGlobalSection
	GlobalSection(ExtensibilityGlobals) = postSolution
		SolutionGuid = {DE3AC484-B529-4DFE-8E4C-FE4B35E7C122}
	EndGlobalSection
EndGlobal
